
Microsoft Visual Studio Solution File, Format Version 12.00
# Visual Studio Version 17
VisualStudioVersion = 17.11.35219.272
MinimumVisualStudioVersion = 10.0.40219.1
Project("{FAE04EC0-301F-11D3-BF4B-00C04F79EFBC}") = "Test", "Test\Test.csproj", "{209EE389-51FC-4995-898E-754F36BC929A}"
EndProject
Global
	GlobalSection(SolutionConfigurationPlatforms) = preSolution
		Debug|Any CPU = Debug|Any CPU
		Release|Any CPU = Release|Any CPU
	EndGlobalSection
	GlobalSection(ProjectConfigurationPlatforms) = postSolution
		{209EE389-51FC-4995-898E-754F36BC929A}.Debug|Any CPU.ActiveCfg = Debug|Any CPU
		{209EE389-51FC-4995-898E-754F36BC929A}.Debug|Any CPU.Build.0 = Debug|Any CPU
		{209EE389-51FC-4995-898E-754F36BC929A}.Release|Any CPU.ActiveCfg = Release|Any CPU
		{209EE389-51FC-4995-898E-754F36BC929A}.Release|Any CPU.Build.0 = Release|Any CPU
	EndGlobalSection
	GlobalSection(SolutionProperties) = preSolution
		HideSolutionNode = FALSE
	EndGlobalSection
	GlobalSection(ExtensibilityGlobals) = postSolution
		SolutionGuid = {D5EC2A46-917D-479E-A173-EB6A8ED880C2}
	EndGlobalSection
EndGlobal
